
Microsoft Visual Studio Solution File, Format Version 12.00
# Visual Studio 14
VisualStudioVersion = 14.0.24720.0
MinimumVisualStudioVersion = 10.0.40219.1
Project("{FAE04EC0-301F-11D3-BF4B-00C04F79EFBC}") = "SSHNET", "SSHNET.csproj", "{28BF46A4-CCDE-401A-A0E5-21B6FBB12121}"
EndProject
Project("{FAE04EC0-301F-11D3-BF4B-00C04F79EFBC}") = "WinSCPClient", "..\WinSCPClient\WinSCPClient.csproj", "{48045FD8-87C6-4189-8C1F-3D45AD2E0FBD}"
EndProject
Global
	GlobalSection(SolutionConfigurationPlatforms) = preSolution
		Debug|Any CPU = Debug|Any CPU
		Release|Any CPU = Release|Any CPU
	EndGlobalSection
	GlobalSection(ProjectConfigurationPlatforms) = postSolution
		{28BF46A4-CCDE-401A-A0E5-21B6FBB12121}.Debug|Any CPU.ActiveCfg = Debug|Any CPU
		{28BF46A4-CCDE-401A-A0E5-21B6FBB12121}.Debug|Any CPU.Build.0 = Debug|Any CPU
		{28BF46A4-CCDE-401A-A0E5-21B6FBB12121}.Release|Any CPU.ActiveCfg = Release|Any CPU
		{28BF46A4-CCDE-401A-A0E5-21B6FBB12121}.Release|Any CPU.Build.0 = Release|Any CPU
		{48045FD8-87C6-4189-8C1F-3D45AD2E0FBD}.Debug|Any CPU.ActiveCfg = Debug|Any CPU
		{48045FD8-87C6-4189-8C1F-3D45AD2E0FBD}.Debug|Any CPU.Build.0 = Debug|Any CPU
		{48045FD8-87C6-4189-8C1F-3D45AD2E0FBD}.Release|Any CPU.ActiveCfg = Release|Any CPU
		{48045FD8-87C6-4189-8C1F-3D45AD2E0FBD}.Release|Any CPU.Build.0 = Release|Any CPU
	EndGlobalSection
	GlobalSection(SolutionProperties) = preSolution
		HideSolutionNode = FALSE
	EndGlobalSection
EndGlobal
